
Microsoft Visual Studio Solution File, Format Version 12.00
# Visual Studio Version 17
VisualStudioVersion = 17.3.32901.215
MinimumVisualStudioVersion = 10.0.40219.1
Project("{2150E333-8FDC-42A3-9474-1A3956D46DE8}") = "src", "src", "{DABC6B2E-67E2-4FBE-8574-D22A26F861C2}"
EndProject
Project("{2150E333-8FDC-42A3-9474-1A3956D46DE8}") = "Tests", "Tests", "{AFE5ECC6-B186-4144-BEDA-CCA821CCA688}"
EndProject
Project("{9A19103F-16F7-4668-BE54-9A1E7A4F7556}") = "Confitec.Usuarios.Tests", "tests\Confitec.Usuarios.Tests\Confitec.Usuarios.Tests.csproj", "{F0ADAC42-69E7-48A1-81DD-939B867A5442}"
EndProject
Project("{9A19103F-16F7-4668-BE54-9A1E7A4F7556}") = "Confitec.Usuarios.Domain", "src\Confitec.Usuarios.Domain\Confitec.Usuarios.Domain.csproj", "{01FC1FEE-E7C6-4CC1-8D70-ABD3FE6B9F4A}"
EndProject
Project("{9A19103F-16F7-4668-BE54-9A1E7A4F7556}") = "Confitec.Usuarios.Core", "src\Confitec.Usuarios.Core\Confitec.Usuarios.Core.csproj", "{19BAB357-D580-4AEE-AB17-38A5DC5481BF}"
EndProject
Project("{9A19103F-16F7-4668-BE54-9A1E7A4F7556}") = "Confitec.Usuarios.Application", "src\Confitec.Usuarios.Application\Confitec.Usuarios.Application.csproj", "{6332A128-9DE8-4478-B0BF-766EBDDA66E0}"
EndProject
Project("{9A19103F-16F7-4668-BE54-9A1E7A4F7556}") = "Confitec.Usuarios.Infra", "src\Confitec.Usuarios.Infra\Confitec.Usuarios.Infra.csproj", "{4352E1B8-129D-4C7A-B844-E4898123844C}"
EndProject
Project("{9A19103F-16F7-4668-BE54-9A1E7A4F7556}") = "Confitec.Usuarios.Api", "src\Confitec.Usuarios.Api\Confitec.Usuarios.Api.csproj", "{B136AFB9-6A98-42B9-A1D6-B533746A18B1}"
EndProject
Global
	GlobalSection(SolutionConfigurationPlatforms) = preSolution
		Debug|Any CPU = Debug|Any CPU
		Release|Any CPU = Release|Any CPU
	EndGlobalSection
	GlobalSection(ProjectConfigurationPlatforms) = postSolution
		{F0ADAC42-69E7-48A1-81DD-939B867A5442}.Debug|Any CPU.ActiveCfg = Debug|Any CPU
		{F0ADAC42-69E7-48A1-81DD-939B867A5442}.Debug|Any CPU.Build.0 = Debug|Any CPU
		{F0ADAC42-69E7-48A1-81DD-939B867A5442}.Release|Any CPU.ActiveCfg = Release|Any CPU
		{F0ADAC42-69E7-48A1-81DD-939B867A5442}.Release|Any CPU.Build.0 = Release|Any CPU
		{01FC1FEE-E7C6-4CC1-8D70-ABD3FE6B9F4A}.Debug|Any CPU.ActiveCfg = Debug|Any CPU
		{01FC1FEE-E7C6-4CC1-8D70-ABD3FE6B9F4A}.Debug|Any CPU.Build.0 = Debug|Any CPU
		{01FC1FEE-E7C6-4CC1-8D70-ABD3FE6B9F4A}.Release|Any CPU.ActiveCfg = Release|Any CPU
		{01FC1FEE-E7C6-4CC1-8D70-ABD3FE6B9F4A}.Release|Any CPU.Build.0 = Release|Any CPU
		{19BAB357-D580-4AEE-AB17-38A5DC5481BF}.Debug|Any CPU.ActiveCfg = Debug|Any CPU
		{19BAB357-D580-4AEE-AB17-38A5DC5481BF}.Debug|Any CPU.Build.0 = Debug|Any CPU
		{19BAB357-D580-4AEE-AB17-38A5DC5481BF}.Release|Any CPU.ActiveCfg = Release|Any CPU
		{19BAB357-D580-4AEE-AB17-38A5DC5481BF}.Release|Any CPU.Build.0 = Release|Any CPU
		{6332A128-9DE8-4478-B0BF-766EBDDA66E0}.Debug|Any CPU.ActiveCfg = Debug|Any CPU
		{6332A128-9DE8-4478-B0BF-766EBDDA66E0}.Debug|Any CPU.Build.0 = Debug|Any CPU
		{6332A128-9DE8-4478-B0BF-766EBDDA66E0}.Release|Any CPU.ActiveCfg = Release|Any CPU
		{6332A128-9DE8-4478-B0BF-766EBDDA66E0}.Release|Any CPU.Build.0 = Release|Any CPU
		{4352E1B8-129D-4C7A-B844-E4898123844C}.Debug|Any CPU.ActiveCfg = Debug|Any CPU
		{4352E1B8-129D-4C7A-B844-E4898123844C}.Debug|Any CPU.Build.0 = Debug|Any CPU
		{4352E1B8-129D-4C7A-B844-E4898123844C}.Release|Any CPU.ActiveCfg = Release|Any CPU
		{4352E1B8-129D-4C7A-B844-E4898123844C}.Release|Any CPU.Build.0 = Release|Any CPU
		{B136AFB9-6A98-42B9-A1D6-B533746A18B1}.Debug|Any CPU.ActiveCfg = Debug|Any CPU
		{B136AFB9-6A98-42B9-A1D6-B533746A18B1}.Debug|Any CPU.Build.0 = Debug|Any CPU
		{B136AFB9-6A98-42B9-A1D6-B533746A18B1}.Release|Any CPU.ActiveCfg = Release|Any CPU
		{B136AFB9-6A98-42B9-A1D6-B533746A18B1}.Release|Any CPU.Build.0 = Release|Any CPU
	EndGlobalSection
	GlobalSection(SolutionProperties) = preSolution
		HideSolutionNode = FALSE
	EndGlobalSection
	GlobalSection(NestedProjects) = preSolution
		{F0ADAC42-69E7-48A1-81DD-939B867A5442} = {AFE5ECC6-B186-4144-BEDA-CCA821CCA688}
		{01FC1FEE-E7C6-4CC1-8D70-ABD3FE6B9F4A} = {DABC6B2E-67E2-4FBE-8574-D22A26F861C2}
		{19BAB357-D580-4AEE-AB17-38A5DC5481BF} = {DABC6B2E-67E2-4FBE-8574-D22A26F861C2}
		{6332A128-9DE8-4478-B0BF-766EBDDA66E0} = {DABC6B2E-67E2-4FBE-8574-D22A26F861C2}
		{4352E1B8-129D-4C7A-B844-E4898123844C} = {DABC6B2E-67E2-4FBE-8574-D22A26F861C2}
		{B136AFB9-6A98-42B9-A1D6-B533746A18B1} = {DABC6B2E-67E2-4FBE-8574-D22A26F861C2}
	EndGlobalSection
	GlobalSection(ExtensibilityGlobals) = postSolution
		SolutionGuid = {CAF94C5D-2DB1-4D7B-9BEF-15F90BC27305}
	EndGlobalSection
EndGlobal
